lockfileVersion: '9.0'

settings:
  autoInstallPeers: true
  excludeLinksFromLockfile: false

importers:

  .:
    dependencies:
      '@brightlayer-ui/prettier-config':
        specifier: ^1.0.3
        version: 1.0.3(prettier@3.5.3)
      i18next-browser-languagedetector:
        specifier: ^8.1.0
        version: 8.1.0
      prettier:
        specifier: ^3.5.3
        version: 3.5.3
      react-router:
        specifier: ^7.5.3
        version: 7.5.3(react@19.1.0)

packages:

  '@babel/runtime@7.27.1':
    resolution: {integrity: sha512-1x3D2xEk2fRo3PAhwQwu5UubzgiVWSXTBfWpVd2Mx2AzRqJuDJCsgaDVZ7HB5iGzDW1Hl1sWN2mFyKjmR9uAog==}
    engines: {node: '>=6.9.0'}

  '@brightlayer-ui/prettier-config@1.0.3':
    resolution: {integrity: sha512-EYm3+V7Qd+oYEF+8FadsXAZqXryEHHbGnrV1BMp9selhABjceqUqXPVE4Sn3SKWQdBNJ3En2A3EzgrzRbvRTaw==}
    peerDependencies:
      prettier: '>= 1.0.0'

  cookie@1.0.2:
    resolution: {integrity: sha512-9Kr/j4O16ISv8zBBhJoi4bXOYNTkFLOqSL3UDB0njXxCXNezjeyVrJyGOWtgfs/q2km1gwBcfH8q1yEGoMYunA==}
    engines: {node: '>=18'}

  i18next-browser-languagedetector@8.1.0:
    resolution: {integrity: sha512-mHZxNx1Lq09xt5kCauZ/4bsXOEA2pfpwSoU11/QTJB+pD94iONFwp+ohqi///PwiFvjFOxe1akYCdHyFo1ng5Q==}

  prettier@3.5.3:
    resolution: {integrity: sha512-QQtaxnoDJeAkDvDKWCLiwIXkTgRhwYDEQCghU9Z6q03iyek/rxRh/2lC3HB7P8sWT2xC/y5JDctPLBIGzHKbhw==}
    engines: {node: '>=14'}
    hasBin: true

  react-router@7.5.3:
    resolution: {integrity: sha512-3iUDM4/fZCQ89SXlDa+Ph3MevBrozBAI655OAfWQlTm9nBR0IKlrmNwFow5lPHttbwvITZfkeeeZFP6zt3F7pw==}
    engines: {node: '>=20.0.0'}
    peerDependencies:
      react: '>=18'
      react-dom: '>=18'
    peerDependenciesMeta:
      react-dom:
        optional: true

  react@19.1.0:
    resolution: {integrity: sha512-FS+XFBNvn3GTAWq26joslQgWNoFu08F4kl0J4CgdNKADkdSGXQyTCnKteIAJy96Br6YbpEU1LSzV5dYtjMkMDg==}
    engines: {node: '>=0.10.0'}

  set-cookie-parser@2.7.1:
    resolution: {integrity: sha512-IOc8uWeOZgnb3ptbCURJWNjWUPcO3ZnTTdzsurqERrP6nPyv+paC55vJM0LpOlT2ne+Ix+9+CRG1MNLlyZ4GjQ==}

  turbo-stream@2.4.0:
    resolution: {integrity: sha512-FHncC10WpBd2eOmGwpmQsWLDoK4cqsA/UT/GqNoaKOQnT8uzhtCbg3EoUDMvqpOSAI0S26mr0rkjzbOO6S3v1g==}

snapshots:

  '@babel/runtime@7.27.1': {}

  '@brightlayer-ui/prettier-config@1.0.3(prettier@3.5.3)':
    dependencies:
      prettier: 3.5.3

  cookie@1.0.2: {}

  i18next-browser-languagedetector@8.1.0:
    dependencies:
      '@babel/runtime': 7.27.1

  prettier@3.5.3: {}

  react-router@7.5.3(react@19.1.0):
    dependencies:
      cookie: 1.0.2
      react: 19.1.0
      set-cookie-parser: 2.7.1
      turbo-stream: 2.4.0

  react@19.1.0: {}

  set-cookie-parser@2.7.1: {}

  turbo-stream@2.4.0: {}
